
Microsoft Visual Studio Solution File, Format Version 12.00
# Visual Studio Version 16
VisualStudioVersion = 16.0.28729.10
MinimumVisualStudioVersion = 10.0.40219.1
Project("{FAE04EC0-301F-11D3-BF4B-00C04F79EFBC}") = "14.06", "14.06\14.06.csproj", "{20CBE6B1-1188-4C7A-ABF2-8491E61101BC}"
EndProject
Global
	GlobalSection(SolutionConfigurationPlatforms) = preSolution
		Debug|Any CPU = Debug|Any CPU
		Release|Any CPU = Release|Any CPU
	EndGlobalSection
	GlobalSection(ProjectConfigurationPlatforms) = postSolution
		{20CBE6B1-1188-4C7A-ABF2-8491E61101BC}.Debug|Any CPU.ActiveCfg = Debug|Any CPU
		{20CBE6B1-1188-4C7A-ABF2-8491E61101BC}.Debug|Any CPU.Build.0 = Debug|Any CPU
		{20CBE6B1-1188-4C7A-ABF2-8491E61101BC}.Release|Any CPU.ActiveCfg = Release|Any CPU
		{20CBE6B1-1188-4C7A-ABF2-8491E61101BC}.Release|Any CPU.Build.0 = Release|Any CPU
	EndGlobalSection
	GlobalSection(SolutionProperties) = preSolution
		HideSolutionNode = FALSE
	EndGlobalSection
	GlobalSection(ExtensibilityGlobals) = postSolution
		SolutionGuid = {1C232A0A-A506-4F69-8F17-278A5B63BC73}
	EndGlobalSection
EndGlobal
